
Microsoft Visual Studio Solution File, Format Version 12.00
# Visual Studio Version 17
VisualStudioVersion = 17.4.33103.184
MinimumVisualStudioVersion = 10.0.40219.1
Project("{FAE04EC0-301F-11D3-BF4B-00C04F79EFBC}") = "TaskManager", "TaskManager\TaskManager.csproj", "{D99C76B6-C2A8-43ED-B6C9-5158D3504F4E}"
EndProject
Global
	GlobalSection(SolutionConfigurationPlatforms) = preSolution
		Debug|Any CPU = Debug|Any CPU
		Release|Any CPU = Release|Any CPU
	EndGlobalSection
	GlobalSection(ProjectConfigurationPlatforms) = postSolution
		{D99C76B6-C2A8-43ED-B6C9-5158D3504F4E}.Debug|Any CPU.ActiveCfg = Debug|Any CPU
		{D99C76B6-C2A8-43ED-B6C9-5158D3504F4E}.Debug|Any CPU.Build.0 = Debug|Any CPU
		{D99C76B6-C2A8-43ED-B6C9-5158D3504F4E}.Release|Any CPU.ActiveCfg = Release|Any CPU
		{D99C76B6-C2A8-43ED-B6C9-5158D3504F4E}.Release|Any CPU.Build.0 = Release|Any CPU
	EndGlobalSection
	GlobalSection(SolutionProperties) = preSolution
		HideSolutionNode = FALSE
	EndGlobalSection
	GlobalSection(ExtensibilityGlobals) = postSolution
		SolutionGuid = {F2A89D9F-653A-4380-9BBC-4EA1C300FD4E}
	EndGlobalSection
EndGlobal
